
Microsoft Visual Studio Solution File, Format Version 12.00
# Visual Studio Version 17
VisualStudioVersion = 17.0.31903.59
MinimumVisualStudioVersion = 10.0.40219.1
Project("{FAE04EC0-301F-11D3-BF4B-00C04F79EFBC}") = "Alerting", "Alerting\Alerting.csproj", "{75C0CC47-84BA-4472-B76E-419013C51272}"
EndProject
Project("{FAE04EC0-301F-11D3-BF4B-00C04F79EFBC}") = "AlertingUnitTest", "AlertingUnitTest\AlertingUnitTest.csproj", "{2293F45E-EE5B-4995-8201-FE936D734444}"
EndProject
Global
	GlobalSection(SolutionConfigurationPlatforms) = preSolution
		Debug|Any CPU = Debug|Any CPU
		Release|Any CPU = Release|Any CPU
	EndGlobalSection
	GlobalSection(ProjectConfigurationPlatforms) = postSolution
		{75C0CC47-84BA-4472-B76E-419013C51272}.Debug|Any CPU.ActiveCfg = Debug|Any CPU
		{75C0CC47-84BA-4472-B76E-419013C51272}.Debug|Any CPU.Build.0 = Debug|Any CPU
		{75C0CC47-84BA-4472-B76E-419013C51272}.Release|Any CPU.ActiveCfg = Release|Any CPU
		{75C0CC47-84BA-4472-B76E-419013C51272}.Release|Any CPU.Build.0 = Release|Any CPU
		{2293F45E-EE5B-4995-8201-FE936D734444}.Debug|Any CPU.ActiveCfg = Debug|Any CPU
		{2293F45E-EE5B-4995-8201-FE936D734444}.Debug|Any CPU.Build.0 = Debug|Any CPU
		{2293F45E-EE5B-4995-8201-FE936D734444}.Release|Any CPU.ActiveCfg = Release|Any CPU
		{2293F45E-EE5B-4995-8201-FE936D734444}.Release|Any CPU.Build.0 = Release|Any CPU
	EndGlobalSection
	GlobalSection(SolutionProperties) = preSolution
		HideSolutionNode = FALSE
	EndGlobalSection
EndGlobal
